
Microsoft Visual Studio Solution File, Format Version 12.00
# Visual Studio Version 16
VisualStudioVersion = 16.0.30717.126
MinimumVisualStudioVersion = 10.0.40219.1
Project("{FAE04EC0-301F-11D3-BF4B-00C04F79EFBC}") = "BookStoreVS", "BookStoreVS\BookStoreVS.csproj", "{D6842747-2223-4B8F-B9FF-4B94F82F8B08}"
EndProject
Global
	GlobalSection(SolutionConfigurationPlatforms) = preSolution
		Debug|Any CPU = Debug|Any CPU
		Release|Any CPU = Release|Any CPU
	EndGlobalSection
	GlobalSection(ProjectConfigurationPlatforms) = postSolution
		{D6842747-2223-4B8F-B9FF-4B94F82F8B08}.Debug|Any CPU.ActiveCfg = Debug|Any CPU
		{D6842747-2223-4B8F-B9FF-4B94F82F8B08}.Debug|Any CPU.Build.0 = Debug|Any CPU
		{D6842747-2223-4B8F-B9FF-4B94F82F8B08}.Release|Any CPU.ActiveCfg = Release|Any CPU
		{D6842747-2223-4B8F-B9FF-4B94F82F8B08}.Release|Any CPU.Build.0 = Release|Any CPU
	EndGlobalSection
	GlobalSection(SolutionProperties) = preSolution
		HideSolutionNode = FALSE
	EndGlobalSection
	GlobalSection(ExtensibilityGlobals) = postSolution
		SolutionGuid = {05207A84-2849-4CC2-A4B7-E054CAAFD37E}
	EndGlobalSection
EndGlobal
